
Microsoft Visual Studio Solution File, Format Version 12.00
# Visual Studio Version 17
VisualStudioVersion = 17.3.32901.215
MinimumVisualStudioVersion = 10.0.40219.1
Project("{FAE04EC0-301F-11D3-BF4B-00C04F79EFBC}") = "SignalRChat", "SignalRChat.csproj", "{1E16023C-23D4-4DEE-AD01-F20666D2AD36}"
EndProject
Global
	GlobalSection(SolutionConfigurationPlatforms) = preSolution
		Debug|Any CPU = Debug|Any CPU
		Release|Any CPU = Release|Any CPU
	EndGlobalSection
	GlobalSection(ProjectConfigurationPlatforms) = postSolution
		{1E16023C-23D4-4DEE-AD01-F20666D2AD36}.Debug|Any CPU.ActiveCfg = Debug|Any CPU
		{1E16023C-23D4-4DEE-AD01-F20666D2AD36}.Debug|Any CPU.Build.0 = Debug|Any CPU
		{1E16023C-23D4-4DEE-AD01-F20666D2AD36}.Release|Any CPU.ActiveCfg = Release|Any CPU
		{1E16023C-23D4-4DEE-AD01-F20666D2AD36}.Release|Any CPU.Build.0 = Release|Any CPU
	EndGlobalSection
	GlobalSection(SolutionProperties) = preSolution
		HideSolutionNode = FALSE
	EndGlobalSection
	GlobalSection(ExtensibilityGlobals) = postSolution
		SolutionGuid = {A5326B65-67A3-417D-B766-7B490917213A}
	EndGlobalSection
EndGlobal
